
Microsoft Visual Studio Solution File, Format Version 12.00
# Visual Studio 15
VisualStudioVersion = 15.0.26430.6
MinimumVisualStudioVersion = 10.0.40219.1
Project("{2150E333-8FDC-42A3-9474-1A3956D46DE8}") = "ITOps", "ITOps", "{9C624413-311A-4BC3-8B7D-C0BD80654813}"
EndProject
Project("{9A19103F-16F7-4668-BE54-9A1E7A4F7556}") = "ITOps.ViewModelComposition", "ITOps.ViewModelComposition\ITOps.ViewModelComposition.csproj", "{C9718232-F7A4-4A86-A194-588DB1120A47}"
EndProject
Project("{9A19103F-16F7-4668-BE54-9A1E7A4F7556}") = "ITOps.ViewModelComposition.Json", "ITOps.ViewModelComposition.Json\ITOps.ViewModelComposition.Json.csproj", "{6A0D7BD2-F1F1-4246-A751-8889CE18870E}"
EndProject
Project("{9A19103F-16F7-4668-BE54-9A1E7A4F7556}") = "ITOps.ViewModelComposition.Gateway", "ITOps.ViewModelComposition.Gateway\ITOps.ViewModelComposition.Gateway.csproj", "{EA1CF512-D80A-4D6F-BB9B-DEB166C77A84}"
EndProject
Project("{9A19103F-16F7-4668-BE54-9A1E7A4F7556}") = "ITOps.ViewModelComposition.Mvc", "ITOps.ViewModelComposition.Mvc\ITOps.ViewModelComposition.Mvc.csproj", "{B86E6601-2968-478C-9B69-4889F2007C24}"
EndProject
Project("{9A19103F-16F7-4668-BE54-9A1E7A4F7556}") = "ITOps.UIComposition.Mvc", "ITOps.UIComposition.Mvc\ITOps.UIComposition.Mvc.csproj", "{6D37CD93-A5AB-4BBB-BDED-846A78C13294}"
EndProject
Project("{FAE04EC0-301F-11D3-BF4B-00C04F79EFBC}") = "Reservations.API.Host", "Reservations.API.Host\Reservations.API.Host.csproj", "{5C4575B0-F227-40EB-8A87-5ADCC2F152EF}"
EndProject
Project("{FAE04EC0-301F-11D3-BF4B-00C04F79EFBC}") = "Payments.API.Host", "Payments.API.Host\Payments.API.Host.csproj", "{63ED40BC-4FC7-4CD0-9FA0-4982A4E140EF}"
EndProject
Project("{FAE04EC0-301F-11D3-BF4B-00C04F79EFBC}") = "CustomersRegistry.API.Host", "CustomersRegistry.API.Host\CustomersRegistry.API.Host.csproj", "{76CD0837-6066-4E30-A83B-315238AE9B0B}"
EndProject
Project("{9A19103F-16F7-4668-BE54-9A1E7A4F7556}") = "HotelReservation", "HotelReservation\HotelReservation.csproj", "{97AB633B-BBA2-48D9-B134-E7389B4F0F19}"
EndProject
Project("{2150E333-8FDC-42A3-9474-1A3956D46DE8}") = "Payments", "Payments", "{10FB8E8F-35B6-4E0F-A0B8-D355195A56EE}"
EndProject
Project("{2150E333-8FDC-42A3-9474-1A3956D46DE8}") = "Customers Registry", "Customers Registry", "{7384DBE3-9DA1-48FD-81F6-18A5319BC97B}"
EndProject
Project("{FAE04EC0-301F-11D3-BF4B-00C04F79EFBC}") = "CustomersRegistry.ViewModelComposition", "CustomerRegistry.ViewModelComposition\CustomersRegistry.ViewModelComposition.csproj", "{3C5543C9-32C2-4883-AF51-32E941810387}"
EndProject
Project("{FAE04EC0-301F-11D3-BF4B-00C04F79EFBC}") = "CustomersRegistry.ViewComponents", "CustomersRegistry.ViewComponents\CustomersRegistry.ViewComponents.csproj", "{CFADF628-37B1-429A-AB94-83523ED088B3}"
EndProject
Project("{2150E333-8FDC-42A3-9474-1A3956D46DE8}") = "Reservations", "Reservations", "{8751E1C0-4AA8-497F-857B-EF5BEB2CE88B}"
EndProject
Project("{FAE04EC0-301F-11D3-BF4B-00C04F79EFBC}") = "Reservations.ViewComponents", "Reservations.ViewComponents\Reservations.ViewComponents.csproj", "{5359DA9B-71FF-4279-AAE8-1DB0E2E467F7}"
EndProject
Project("{9A19103F-16F7-4668-BE54-9A1E7A4F7556}") = "Payments.ViewModelComposition", "Payments.ViewModelComposition\Payments.ViewModelComposition.csproj", "{142A7C13-C6D6-45D6-87C9-E54DADFD451D}"
EndProject
Project("{9A19103F-16F7-4668-BE54-9A1E7A4F7556}") = "Payments.ViewComponents", "Payments.ViewComponents\Payments.ViewComponents.csproj", "{B7FFF997-4147-430E-9FAB-AEF98FA38D18}"
EndProject
Project("{9A19103F-16F7-4668-BE54-9A1E7A4F7556}") = "Reservations.ViewModelComposition", "Reservations.ViewModelComposition\Reservations.ViewModelComposition.csproj", "{42B98717-D9F1-4E3C-9472-CE79FBF99824}"
EndProject
Project("{2150E333-8FDC-42A3-9474-1A3956D46DE8}") = "Shared Conventions", "Shared Conventions", "{B3092CD1-B528-4C16-89DA-42B3DAA6820F}"
EndProject
Project("{FAE04EC0-301F-11D3-BF4B-00C04F79EFBC}") = "Reservations.Messages.Events", "Reservations.Messages\Reservations.Messages.Events.csproj", "{C0BCCFBE-57F7-4D47-8743-576AD04CF7DA}"
EndProject
Project("{FAE04EC0-301F-11D3-BF4B-00C04F79EFBC}") = "Reservations.Service.NewReservationDetailsComponent", "Reservations.Service.NewReservationDetailsComponent\Reservations.Service.NewReservationDetailsComponent.csproj", "{FD4A2D5D-2B51-4225-83CB-99CBD03F291E}"
EndProject
Project("{FAE04EC0-301F-11D3-BF4B-00C04F79EFBC}") = "CustomersRegistry.Service.Component", "CustomersRegistry.Service.Component\CustomersRegistry.Service.Component.csproj", "{C0102DC5-E065-4ECD-B627-0B40F4EDC9FE}"
EndProject
Project("{FAE04EC0-301F-11D3-BF4B-00C04F79EFBC}") = "Payments.Service.Component", "Payments.Service.Component\Payments.Service.Component.csproj", "{9D055C3E-1D05-4F50-99C8-783D0D83F8BE}"
EndProject
Project("{FAE04EC0-301F-11D3-BF4B-00C04F79EFBC}") = "MessageConventions", "MessageConventions\MessageConventions.csproj", "{537B7942-D577-41AF-BF4C-823EB983F570}"
EndProject
Project("{FAE04EC0-301F-11D3-BF4B-00C04F79EFBC}") = "CustomersRegistry.Data", "CustomersRegistry.Data\CustomersRegistry.Data.csproj", "{A840298B-0962-43E3-92A3-F55453D26EE5}"
EndProject
Project("{FAE04EC0-301F-11D3-BF4B-00C04F79EFBC}") = "CustomersRegistry.Messages.Commands", "CustomersRegistry.Messages.Commands\CustomersRegistry.Messages.Commands.csproj", "{A59A67F8-9B5F-4AC1-89F7-50A714C29BB0}"
EndProject
Project("{FAE04EC0-301F-11D3-BF4B-00C04F79EFBC}") = "Payments.Messages.Commands", "Payments.Messages.Commands\Payments.Messages.Commands.csproj", "{82CBE85C-7C01-4584-8D7C-2AC16A918973}"
EndProject
Project("{FAE04EC0-301F-11D3-BF4B-00C04F79EFBC}") = "Reservations.Messages.Commands", "Reservations.Messages.Commands\Reservations.Messages.Commands.csproj", "{13338777-CCBE-4FA1-A169-DA0E157CD1C8}"
EndProject
Project("{FAE04EC0-301F-11D3-BF4B-00C04F79EFBC}") = "HotelReservation.ServiceControlAdapter", "HotelReservation.ServiceControlAdapter\HotelReservation.ServiceControlAdapter.csproj", "{275E6F47-AA2A-4D3A-B8BA-2987724207C1}"
EndProject
Project("{2150E333-8FDC-42A3-9474-1A3956D46DE8}") = "Infrastructure", "Infrastructure", "{3138D64E-9699-47C1-BA87-8ECF97A6C7C6}"
EndProject
Global
	GlobalSection(SolutionConfigurationPlatforms) = preSolution
		Debug|Any CPU = Debug|Any CPU
		Release|Any CPU = Release|Any CPU
	EndGlobalSection
	GlobalSection(ProjectConfigurationPlatforms) = postSolution
		{C9718232-F7A4-4A86-A194-588DB1120A47}.Debug|Any CPU.ActiveCfg = Debug|Any CPU
		{C9718232-F7A4-4A86-A194-588DB1120A47}.Debug|Any CPU.Build.0 = Debug|Any CPU
		{C9718232-F7A4-4A86-A194-588DB1120A47}.Release|Any CPU.ActiveCfg = Release|Any CPU
		{C9718232-F7A4-4A86-A194-588DB1120A47}.Release|Any CPU.Build.0 = Release|Any CPU
		{6A0D7BD2-F1F1-4246-A751-8889CE18870E}.Debug|Any CPU.ActiveCfg = Debug|Any CPU
		{6A0D7BD2-F1F1-4246-A751-8889CE18870E}.Debug|Any CPU.Build.0 = Debug|Any CPU
		{6A0D7BD2-F1F1-4246-A751-8889CE18870E}.Release|Any CPU.ActiveCfg = Release|Any CPU
		{6A0D7BD2-F1F1-4246-A751-8889CE18870E}.Release|Any CPU.Build.0 = Release|Any CPU
		{EA1CF512-D80A-4D6F-BB9B-DEB166C77A84}.Debug|Any CPU.ActiveCfg = Debug|Any CPU
		{EA1CF512-D80A-4D6F-BB9B-DEB166C77A84}.Debug|Any CPU.Build.0 = Debug|Any CPU
		{EA1CF512-D80A-4D6F-BB9B-DEB166C77A84}.Release|Any CPU.ActiveCfg = Release|Any CPU
		{EA1CF512-D80A-4D6F-BB9B-DEB166C77A84}.Release|Any CPU.Build.0 = Release|Any CPU
		{B86E6601-2968-478C-9B69-4889F2007C24}.Debug|Any CPU.ActiveCfg = Debug|Any CPU
		{B86E6601-2968-478C-9B69-4889F2007C24}.Debug|Any CPU.Build.0 = Debug|Any CPU
		{B86E6601-2968-478C-9B69-4889F2007C24}.Release|Any CPU.ActiveCfg = Release|Any CPU
		{B86E6601-2968-478C-9B69-4889F2007C24}.Release|Any CPU.Build.0 = Release|Any CPU
		{6D37CD93-A5AB-4BBB-BDED-846A78C13294}.Debug|Any CPU.ActiveCfg = Debug|Any CPU
		{6D37CD93-A5AB-4BBB-BDED-846A78C13294}.Debug|Any CPU.Build.0 = Debug|Any CPU
		{6D37CD93-A5AB-4BBB-BDED-846A78C13294}.Release|Any CPU.ActiveCfg = Release|Any CPU
		{6D37CD93-A5AB-4BBB-BDED-846A78C13294}.Release|Any CPU.Build.0 = Release|Any CPU
		{5C4575B0-F227-40EB-8A87-5ADCC2F152EF}.Debug|Any CPU.ActiveCfg = Debug|Any CPU
		{5C4575B0-F227-40EB-8A87-5ADCC2F152EF}.Debug|Any CPU.Build.0 = Debug|Any CPU
		{5C4575B0-F227-40EB-8A87-5ADCC2F152EF}.Release|Any CPU.ActiveCfg = Release|Any CPU
		{5C4575B0-F227-40EB-8A87-5ADCC2F152EF}.Release|Any CPU.Build.0 = Release|Any CPU
		{63ED40BC-4FC7-4CD0-9FA0-4982A4E140EF}.Debug|Any CPU.ActiveCfg = Debug|Any CPU
		{63ED40BC-4FC7-4CD0-9FA0-4982A4E140EF}.Debug|Any CPU.Build.0 = Debug|Any CPU
		{63ED40BC-4FC7-4CD0-9FA0-4982A4E140EF}.Release|Any CPU.ActiveCfg = Release|Any CPU
		{63ED40BC-4FC7-4CD0-9FA0-4982A4E140EF}.Release|Any CPU.Build.0 = Release|Any CPU
		{76CD0837-6066-4E30-A83B-315238AE9B0B}.Debug|Any CPU.ActiveCfg = Debug|Any CPU
		{76CD0837-6066-4E30-A83B-315238AE9B0B}.Debug|Any CPU.Build.0 = Debug|Any CPU
		{76CD0837-6066-4E30-A83B-315238AE9B0B}.Release|Any CPU.ActiveCfg = Release|Any CPU
		{76CD0837-6066-4E30-A83B-315238AE9B0B}.Release|Any CPU.Build.0 = Release|Any CPU
		{97AB633B-BBA2-48D9-B134-E7389B4F0F19}.Debug|Any CPU.ActiveCfg = Debug|Any CPU
		{97AB633B-BBA2-48D9-B134-E7389B4F0F19}.Debug|Any CPU.Build.0 = Debug|Any CPU
		{97AB633B-BBA2-48D9-B134-E7389B4F0F19}.Release|Any CPU.ActiveCfg = Release|Any CPU
		{97AB633B-BBA2-48D9-B134-E7389B4F0F19}.Release|Any CPU.Build.0 = Release|Any CPU
		{3C5543C9-32C2-4883-AF51-32E941810387}.Debug|Any CPU.ActiveCfg = Debug|Any CPU
		{3C5543C9-32C2-4883-AF51-32E941810387}.Debug|Any CPU.Build.0 = Debug|Any CPU
		{3C5543C9-32C2-4883-AF51-32E941810387}.Release|Any CPU.ActiveCfg = Release|Any CPU
		{3C5543C9-32C2-4883-AF51-32E941810387}.Release|Any CPU.Build.0 = Release|Any CPU
		{CFADF628-37B1-429A-AB94-83523ED088B3}.Debug|Any CPU.ActiveCfg = Debug|Any CPU
		{CFADF628-37B1-429A-AB94-83523ED088B3}.Debug|Any CPU.Build.0 = Debug|Any CPU
		{CFADF628-37B1-429A-AB94-83523ED088B3}.Release|Any CPU.ActiveCfg = Release|Any CPU
		{CFADF628-37B1-429A-AB94-83523ED088B3}.Release|Any CPU.Build.0 = Release|Any CPU
		{5359DA9B-71FF-4279-AAE8-1DB0E2E467F7}.Debug|Any CPU.ActiveCfg = Debug|Any CPU
		{5359DA9B-71FF-4279-AAE8-1DB0E2E467F7}.Debug|Any CPU.Build.0 = Debug|Any CPU
		{5359DA9B-71FF-4279-AAE8-1DB0E2E467F7}.Release|Any CPU.ActiveCfg = Release|Any CPU
		{5359DA9B-71FF-4279-AAE8-1DB0E2E467F7}.Release|Any CPU.Build.0 = Release|Any CPU
		{142A7C13-C6D6-45D6-87C9-E54DADFD451D}.Debug|Any CPU.ActiveCfg = Debug|Any CPU
		{142A7C13-C6D6-45D6-87C9-E54DADFD451D}.Debug|Any CPU.Build.0 = Debug|Any CPU
		{142A7C13-C6D6-45D6-87C9-E54DADFD451D}.Release|Any CPU.ActiveCfg = Release|Any CPU
		{142A7C13-C6D6-45D6-87C9-E54DADFD451D}.Release|Any CPU.Build.0 = Release|Any CPU
		{B7FFF997-4147-430E-9FAB-AEF98FA38D18}.Debug|Any CPU.ActiveCfg = Debug|Any CPU
		{B7FFF997-4147-430E-9FAB-AEF98FA38D18}.Debug|Any CPU.Build.0 = Debug|Any CPU
		{B7FFF997-4147-430E-9FAB-AEF98FA38D18}.Release|Any CPU.ActiveCfg = Release|Any CPU
		{B7FFF997-4147-430E-9FAB-AEF98FA38D18}.Release|Any CPU.Build.0 = Release|Any CPU
		{42B98717-D9F1-4E3C-9472-CE79FBF99824}.Debug|Any CPU.ActiveCfg = Debug|Any CPU
		{42B98717-D9F1-4E3C-9472-CE79FBF99824}.Debug|Any CPU.Build.0 = Debug|Any CPU
		{42B98717-D9F1-4E3C-9472-CE79FBF99824}.Release|Any CPU.ActiveCfg = Release|Any CPU
		{42B98717-D9F1-4E3C-9472-CE79FBF99824}.Release|Any CPU.Build.0 = Release|Any CPU
		{C0BCCFBE-57F7-4D47-8743-576AD04CF7DA}.Debug|Any CPU.ActiveCfg = Debug|Any CPU
		{C0BCCFBE-57F7-4D47-8743-576AD04CF7DA}.Debug|Any CPU.Build.0 = Debug|Any CPU
		{C0BCCFBE-57F7-4D47-8743-576AD04CF7DA}.Release|Any CPU.ActiveCfg = Release|Any CPU
		{C0BCCFBE-57F7-4D47-8743-576AD04CF7DA}.Release|Any CPU.Build.0 = Release|Any CPU
		{FD4A2D5D-2B51-4225-83CB-99CBD03F291E}.Debug|Any CPU.ActiveCfg = Debug|Any CPU
		{FD4A2D5D-2B51-4225-83CB-99CBD03F291E}.Debug|Any CPU.Build.0 = Debug|Any CPU
		{FD4A2D5D-2B51-4225-83CB-99CBD03F291E}.Release|Any CPU.ActiveCfg = Release|Any CPU
		{FD4A2D5D-2B51-4225-83CB-99CBD03F291E}.Release|Any CPU.Build.0 = Release|Any CPU
		{C0102DC5-E065-4ECD-B627-0B40F4EDC9FE}.Debug|Any CPU.ActiveCfg = Debug|Any CPU
		{C0102DC5-E065-4ECD-B627-0B40F4EDC9FE}.Debug|Any CPU.Build.0 = Debug|Any CPU
		{C0102DC5-E065-4ECD-B627-0B40F4EDC9FE}.Release|Any CPU.ActiveCfg = Release|Any CPU
		{C0102DC5-E065-4ECD-B627-0B40F4EDC9FE}.Release|Any CPU.Build.0 = Release|Any CPU
		{9D055C3E-1D05-4F50-99C8-783D0D83F8BE}.Debug|Any CPU.ActiveCfg = Debug|Any CPU
		{9D055C3E-1D05-4F50-99C8-783D0D83F8BE}.Debug|Any CPU.Build.0 = Debug|Any CPU
		{9D055C3E-1D05-4F50-99C8-783D0D83F8BE}.Release|Any CPU.ActiveCfg = Release|Any CPU
		{9D055C3E-1D05-4F50-99C8-783D0D83F8BE}.Release|Any CPU.Build.0 = Release|Any CPU
		{537B7942-D577-41AF-BF4C-823EB983F570}.Debug|Any CPU.ActiveCfg = Debug|Any CPU
		{537B7942-D577-41AF-BF4C-823EB983F570}.Debug|Any CPU.Build.0 = Debug|Any CPU
		{537B7942-D577-41AF-BF4C-823EB983F570}.Release|Any CPU.ActiveCfg = Release|Any CPU
		{537B7942-D577-41AF-BF4C-823EB983F570}.Release|Any CPU.Build.0 = Release|Any CPU
		{A840298B-0962-43E3-92A3-F55453D26EE5}.Debug|Any CPU.ActiveCfg = Debug|Any CPU
		{A840298B-0962-43E3-92A3-F55453D26EE5}.Debug|Any CPU.Build.0 = Debug|Any CPU
		{A840298B-0962-43E3-92A3-F55453D26EE5}.Release|Any CPU.ActiveCfg = Release|Any CPU
		{A840298B-0962-43E3-92A3-F55453D26EE5}.Release|Any CPU.Build.0 = Release|Any CPU
		{A59A67F8-9B5F-4AC1-89F7-50A714C29BB0}.Debug|Any CPU.ActiveCfg = Debug|Any CPU
		{A59A67F8-9B5F-4AC1-89F7-50A714C29BB0}.Debug|Any CPU.Build.0 = Debug|Any CPU
		{A59A67F8-9B5F-4AC1-89F7-50A714C29BB0}.Release|Any CPU.ActiveCfg = Release|Any CPU
		{A59A67F8-9B5F-4AC1-89F7-50A714C29BB0}.Release|Any CPU.Build.0 = Release|Any CPU
		{82CBE85C-7C01-4584-8D7C-2AC16A918973}.Debug|Any CPU.ActiveCfg = Debug|Any CPU
		{82CBE85C-7C01-4584-8D7C-2AC16A918973}.Debug|Any CPU.Build.0 = Debug|Any CPU
		{82CBE85C-7C01-4584-8D7C-2AC16A918973}.Release|Any CPU.ActiveCfg = Release|Any CPU
		{82CBE85C-7C01-4584-8D7C-2AC16A918973}.Release|Any CPU.Build.0 = Release|Any CPU
		{13338777-CCBE-4FA1-A169-DA0E157CD1C8}.Debug|Any CPU.ActiveCfg = Debug|Any CPU
		{13338777-CCBE-4FA1-A169-DA0E157CD1C8}.Debug|Any CPU.Build.0 = Debug|Any CPU
		{13338777-CCBE-4FA1-A169-DA0E157CD1C8}.Release|Any CPU.ActiveCfg = Release|Any CPU
		{13338777-CCBE-4FA1-A169-DA0E157CD1C8}.Release|Any CPU.Build.0 = Release|Any CPU
		{275E6F47-AA2A-4D3A-B8BA-2987724207C1}.Debug|Any CPU.ActiveCfg = Debug|Any CPU
		{275E6F47-AA2A-4D3A-B8BA-2987724207C1}.Debug|Any CPU.Build.0 = Debug|Any CPU
		{275E6F47-AA2A-4D3A-B8BA-2987724207C1}.Release|Any CPU.ActiveCfg = Release|Any CPU
		{275E6F47-AA2A-4D3A-B8BA-2987724207C1}.Release|Any CPU.Build.0 = Release|Any CPU
	EndGlobalSection
	GlobalSection(SolutionProperties) = preSolution
		HideSolutionNode = FALSE
	EndGlobalSection
	GlobalSection(NestedProjects) = preSolution
		{C9718232-F7A4-4A86-A194-588DB1120A47} = {9C624413-311A-4BC3-8B7D-C0BD80654813}
		{6A0D7BD2-F1F1-4246-A751-8889CE18870E} = {9C624413-311A-4BC3-8B7D-C0BD80654813}
		{EA1CF512-D80A-4D6F-BB9B-DEB166C77A84} = {9C624413-311A-4BC3-8B7D-C0BD80654813}
		{B86E6601-2968-478C-9B69-4889F2007C24} = {9C624413-311A-4BC3-8B7D-C0BD80654813}
		{6D37CD93-A5AB-4BBB-BDED-846A78C13294} = {9C624413-311A-4BC3-8B7D-C0BD80654813}
		{5C4575B0-F227-40EB-8A87-5ADCC2F152EF} = {8751E1C0-4AA8-497F-857B-EF5BEB2CE88B}
		{63ED40BC-4FC7-4CD0-9FA0-4982A4E140EF} = {10FB8E8F-35B6-4E0F-A0B8-D355195A56EE}
		{76CD0837-6066-4E30-A83B-315238AE9B0B} = {7384DBE3-9DA1-48FD-81F6-18A5319BC97B}
		{3C5543C9-32C2-4883-AF51-32E941810387} = {7384DBE3-9DA1-48FD-81F6-18A5319BC97B}
		{CFADF628-37B1-429A-AB94-83523ED088B3} = {7384DBE3-9DA1-48FD-81F6-18A5319BC97B}
		{5359DA9B-71FF-4279-AAE8-1DB0E2E467F7} = {8751E1C0-4AA8-497F-857B-EF5BEB2CE88B}
		{142A7C13-C6D6-45D6-87C9-E54DADFD451D} = {10FB8E8F-35B6-4E0F-A0B8-D355195A56EE}
		{B7FFF997-4147-430E-9FAB-AEF98FA38D18} = {10FB8E8F-35B6-4E0F-A0B8-D355195A56EE}
		{42B98717-D9F1-4E3C-9472-CE79FBF99824} = {8751E1C0-4AA8-497F-857B-EF5BEB2CE88B}
		{C0BCCFBE-57F7-4D47-8743-576AD04CF7DA} = {8751E1C0-4AA8-497F-857B-EF5BEB2CE88B}
		{FD4A2D5D-2B51-4225-83CB-99CBD03F291E} = {8751E1C0-4AA8-497F-857B-EF5BEB2CE88B}
		{C0102DC5-E065-4ECD-B627-0B40F4EDC9FE} = {7384DBE3-9DA1-48FD-81F6-18A5319BC97B}
		{9D055C3E-1D05-4F50-99C8-783D0D83F8BE} = {10FB8E8F-35B6-4E0F-A0B8-D355195A56EE}
		{537B7942-D577-41AF-BF4C-823EB983F570} = {B3092CD1-B528-4C16-89DA-42B3DAA6820F}
		{A840298B-0962-43E3-92A3-F55453D26EE5} = {7384DBE3-9DA1-48FD-81F6-18A5319BC97B}
		{A59A67F8-9B5F-4AC1-89F7-50A714C29BB0} = {7384DBE3-9DA1-48FD-81F6-18A5319BC97B}
		{82CBE85C-7C01-4584-8D7C-2AC16A918973} = {10FB8E8F-35B6-4E0F-A0B8-D355195A56EE}
		{13338777-CCBE-4FA1-A169-DA0E157CD1C8} = {8751E1C0-4AA8-497F-857B-EF5BEB2CE88B}
		{275E6F47-AA2A-4D3A-B8BA-2987724207C1} = {3138D64E-9699-47C1-BA87-8ECF97A6C7C6}
	EndGlobalSection
EndGlobal
